
Microsoft Visual Studio Solution File, Format Version 12.00
# Visual Studio 15
VisualStudioVersion = 15.0.27703.2035
MinimumVisualStudioVersion = 10.0.40219.1
Project("{FAE04EC0-301F-11D3-BF4B-00C04F79EFBC}") = "Opus", "Opus.csproj", "{BBFA623B-6579-4C27-9ED2-E9896FB27960}"
EndProject
Global
	GlobalSection(SolutionConfigurationPlatforms) = preSolution
		Debug|Any CPU = Debug|Any CPU
		Release|Any CPU = Release|Any CPU
	EndGlobalSection
	GlobalSection(ProjectConfigurationPlatforms) = postSolution
		{BBFA623B-6579-4C27-9ED2-E9896FB27960}.Debug|Any CPU.ActiveCfg = Debug|Any CPU
		{BBFA623B-6579-4C27-9ED2-E9896FB27960}.Debug|Any CPU.Build.0 = Debug|Any CPU
		{BBFA623B-6579-4C27-9ED2-E9896FB27960}.Release|Any CPU.ActiveCfg = Release|Any CPU
		{BBFA623B-6579-4C27-9ED2-E9896FB27960}.Release|Any CPU.Build.0 = Release|Any CPU
	EndGlobalSection
	GlobalSection(SolutionProperties) = preSolution
		HideSolutionNode = FALSE
	EndGlobalSection
	GlobalSection(ExtensibilityGlobals) = postSolution
		SolutionGuid = {ED85F463-D934-4FF2-8505-059A69A231D1}
	EndGlobalSection
EndGlobal
